// !$*UTF8*$!
{
	archiveVersion = 1;
	classes = {
	};
	objectVersion = 46;
	objects = {

		36AB07C7F15CC24EC22DDB71 = {isa = PBXBuildFile; fileRef = E65A292C57D74320DBADF3E2; };
		79F4B2BF7879680EBB5B7DBE = {isa = PBXBuildFile; fileRef = 36DC4FECDB1527A540528928; };
		A68C0210E63579CE6AC237AE = {isa = PBXBuildFile; fileRef = 1BFAE533720CF64A048D7594; };
		D63164D4982A647B45B1B35A = {isa = PBXBuildFile; fileRef = 58DFF90DB01544BBA2258FAB; };
		18D32BCB58F415AB8B915AA6 = {isa = PBXBuildFile; fileRef = D99979809CF3183E9C3EC100; };
		1FE90DECD30F20F4BD4194E5 = {isa = PBXBuildFile; fileRef = 90DFC174390DB5F49FFDB1C3; };
		1751CA561F0C689757B48499 = {isa = PBXBuildFile; fileRef = 5F1E4007B8CA56A36AE2A9A8; };
		67A0FE9B4C958E755BC59CB6 = {isa = PBXBuildFile; fileRef = 055A49508ABAEEB6B203913C; };
		2007C473FC7B310FAC9120F4 = {isa = PBXBuildFile; fileRef = 1ED0F76740852AAD1E10E589; };
		DDFB4E2EE2BA04B969F91CD8 = {isa = PBXBuildFile; fileRef = 7499E560C79D2899AD1F7EBE; };
		74DA94C93F0B9F6F8D839F90 = {isa = PBXBuildFile; fileRef = FBB548A1A4C624BDB2212536; };
		DD7CEC23CAF513B19FE69354 = {isa = PBXBuildFile; fileRef = 127F5D34AF2F6FA4D1B244DC; };
		0997809708D0721BD5B82709 = {isa = PBXBuildFile; fileRef = 02D5C32B097EB318955BAD14; };
		9762387BB6E55A9A677399FB = {isa = PBXBuildFile; fileRef = 02008353D342DBCDE2F8609B; };
		C9B89B4E158A2C0878062438 = {isa = PBXBuildFile; fileRef = 433721BDA52563DA31C80646; };
		55620C4E4133FDC86B8704B1 = {isa = PBXBuildFile; fileRef = 9494DEB767CC845A1AD9510D; };
		147AAD8BE104CA60D82AB311 = {isa = PBXBuildFile; fileRef = 73C765531A971ECA3611E9B1; };
		75F224C245C8528EBDD957E3 = {isa = PBXBuildFile; fileRef = C4E50C6E6E839D2650538DA2; };
		860CA02753C336CA6F388F70 = {isa = PBXBuildFile; fileRef = E38A058E16C077B756252A67; };
		8FB76DEF9AAE508E909C56A3 = {isa = PBXBuildFile; fileRef = 8550A2CAE40095565F8C0AE7; };
		58601BAE688B1B82AEEA70E8 = {isa = PBXBuildFile; fileRef = 5B02D5BBF8ED6F741B8A6736; };
		5645E67DE7D9CAD8BB6E1D27 = {isa = PBXBuildFile; fileRef = 35D05B99E462B2B228EC8302; };
		3170A9354DC65058A387FB9E = {isa = PBXBuildFile; fileRef = 76FBC8DE4524D88CD71A2461; };
		22E67EE159B5A17C3433A056 = {isa = PBXBuildFile; fileRef = CC1412BBC06218A16A24D5A4; };
		0EEC72FF172987931C7728A1 = {isa = PBXBuildFile; fileRef = 1237FB4903D3E53902BC2D21; };
		2FDD63BBA0DF00FDCED31F8B = {isa = PBXBuildFile; fileRef = 4E84E303FA33538296AF0138; };
		7F32243EF13DE189D0F72284 = {isa = PBXBuildFile; fileRef = BAAE01307738C55C74FB97E2; };
		ABC5C43FA079E18445EDE7EF = {isa = PBXBuildFile; fileRef = C763871EA0E8B2D27A2280D3; };
		929CAC97D84394062CB24A6F = {isa = PBXBuildFile; fileRef = 9725B565F1BCF0BCF813CA46; };
		B12110B9A5093DE175B084AC = {isa = PBXBuildFile; fileRef = D897B337AD0AA5743A5AE97F; };
		44AB7F89A1DFC43E3E52F3BA = {isa = PBXBuildFile; fileRef = CF8F7AC0FFFAB9596D5F8D0B; };
		4C6ED9D462C6AE62D7368626 = {isa = PBXBuildFile; fileRef = D1A9F502AE4D8860C5CF4A42; };
		BD5C77C4C98509A304E1BC43 = {isa = PBXBuildFile; fileRef = 627259D3BE9B73D8080025B4; };
		A1AFAFF71FE3089042177336 = {isa = PBXBuildFile; fileRef = AFB76927D90CA4C02CA006C2; };
		08D820C1B47703D5C153D6F2 = {isa = PBXBuildFile; fileRef = 1D39E703487A686D0BA870E8; };
		04F96ABC48723FFD9346F815 = {isa = PBXBuildFile; fileRef = 0F18417C406C01C6F3750011; };
		02008353D342DBCDE2F8609B = {isa = PBXFileReference; lastKnownFileType = sourcecode.cpp.cpp; name = FIRFilterDemo.cpp; path = ../../Source/Demos/FIRFilterDemo.cpp; sourceTree = "SOURCE_ROOT"; };
		02D5C32B097EB318955BAD14 = {isa = PBXFileReference; lastKnownFileType = sourcecode.cpp.cpp; name = ConvolutionDemo.cpp; path = ../../Source/Demos/ConvolutionDemo.cpp; sourceTree = "SOURCE_ROOT"; };
		055A49508ABAEEB6B203913C = {isa = PBXFileReference; lastKnownFileType = wrapper.framework; name = DiscRecording.framework; path = System/Library/Frameworks/DiscRecording.framework; sourceTree = SDKROOT; };
		09466AA1FB1B2B54559499DA = {isa = PBXFileReference; lastKnownFileType = text.plist.xml; name = "Info-App.plist"; path = "Info-App.plist"; sourceTree = "SOURCE_ROOT"; };
		0AAE0DB1E291E8E839660B77 = {isa = PBXFileReference; lastKnownFileType = sourcecode.c.h; name = JuceHeader.h; path = ../../JuceLibraryCode/JuceHeader.h; sourceTree = "SOURCE_ROOT"; };
		0D3E7AE6261F456BF8ED7336 = {isa = PBXFileReference; lastKnownFileType = sourcecode.c.h; name = MainComponent.h; path = ../../Source/MainComponent.h; sourceTree = "SOURCE_ROOT"; };
		0F18417C406C01C6F3750011 = {isa = PBXFileReference; lastKnownFileType = sourcecode.cpp.objcpp; name = "include_juce_gui_extra.mm"; path = "../../JuceLibraryCode/include_juce_gui_extra.mm"; sourceTree = "SOURCE_ROOT"; };
		1237FB4903D3E53902BC2D21 = {isa = PBXFileReference; lastKnownFileType = sourcecode.cpp.objcpp; name = "include_juce_audio_basics.mm"; path = "../../JuceLibraryCode/include_juce_audio_basics.mm"; sourceTree = "SOURCE_ROOT"; };
		127F5D34AF2F6FA4D1B244DC = {isa = PBXFileReference; lastKnownFileType = file.nib; name = RecentFilesMenuTemplate.nib; path = RecentFilesMenuTemplate.nib; sourceTree = "SOURCE_ROOT"; };
		173D0DF09B3C17C1F12DC07F = {isa = PBXFileReference; lastKnownFileType = file; name = "juce_core"; path = "../../../../modules/juce_core"; sourceTree = "SOURCE_ROOT"; };
		1BFAE533720CF64A048D7594 = {isa = PBXFileReference; lastKnownFileType = wrapper.framework; name = AudioToolbox.framework; path = System/Library/Frameworks/AudioToolbox.framework; sourceTree = SDKROOT; };
		1D39E703487A686D0BA870E8 = {isa = PBXFileReference; lastKnownFileType = sourcecode.cpp.objcpp; name = "include_juce_gui_basics.mm"; path = "../../JuceLibraryCode/include_juce_gui_basics.mm"; sourceTree = "SOURCE_ROOT"; };
		1ED0F76740852AAD1E10E589 = {isa = PBXFileReference; lastKnownFileType = wrapper.framework; name = IOKit.framework; path = System/Library/Frameworks/IOKit.framework; sourceTree = SDKROOT; };
		2007BEE2849103E59355B196 = {isa = PBXFileReference; lastKnownFileType = file; name = "juce_audio_basics"; path = "../../../../modules/juce_audio_basics"; sourceTree = "SOURCE_ROOT"; };
		203EB56F2769104DA12C0F26 = {isa = PBXFileReference; lastKnownFileType = sourcecode.c.h; name = AppConfig.h; path = ../../JuceLibraryCode/AppConfig.h; sourceTree = "SOURCE_ROOT"; };
		35D05B99E462B2B228EC8302 = {isa = PBXFileReference; lastKnownFileType = sourcecode.cpp.cpp; name = Main.cpp; path = ../../Source/Main.cpp; sourceTree = "SOURCE_ROOT"; };
		36DC4FECDB1527A540528928 = {isa = PBXFileReference; lastKnownFileType = wrapper.framework; name = Accelerate.framework; path = System/Library/Frameworks/Accelerate.framework; sourceTree = SDKROOT; };
		3A4131AFD624A518DA9C7720 = {isa = PBXFileReference; lastKnownFileType = file; name = "juce_audio_formats"; path = "../../../../modules/juce_audio_formats"; sourceTree = "SOURCE_ROOT"; };
		433721BDA52563DA31C80646 = {isa = PBXFileReference; lastKnownFileType = sourcecode.cpp.cpp; name = GainDemo.cpp; path = ../../Source/Demos/GainDemo.cpp; sourceTree = "SOURCE_ROOT"; };
		4B446DCE80088D0F1B98AB2A = {isa = PBXFileReference; lastKnownFileType = file; name = "juce_dsp"; path = "../../../../modules/juce_dsp"; sourceTree = "SOURCE_ROOT"; };
		4DD7BCF876946C02E151FA8E = {isa = PBXFileReference; lastKnownFileType = file.wav; name = "cassette_recorder.wav"; path = "../../Resources/cassette_recorder.wav"; sourceTree = "SOURCE_ROOT"; };
		4E84E303FA33538296AF0138 = {isa = PBXFileReference; lastKnownFileType = sourcecode.cpp.objcpp; name = "include_juce_audio_devices.mm"; path = "../../JuceLibraryCode/include_juce_audio_devices.mm"; sourceTree = "SOURCE_ROOT"; };
		58DFF90DB01544BBA2258FAB = {isa = PBXFileReference; lastKnownFileType = wrapper.framework; name = Carbon.framework; path = System/Library/Frameworks/Carbon.framework; sourceTree = SDKROOT; };
		5B02D5BBF8ED6F741B8A6736 = {isa = PBXFileReference; lastKnownFileType = sourcecode.cpp.cpp; name = WaveShaperTanhDemo.cpp; path = ../../Source/Demos/WaveShaperTanhDemo.cpp; sourceTree = "SOURCE_ROOT"; };
		5F1E4007B8CA56A36AE2A9A8 = {isa = PBXFileReference; lastKnownFileType = wrapper.framework; name = CoreMIDI.framework; path = System/Library/Frameworks/CoreMIDI.framework; sourceTree = SDKROOT; };
		627259D3BE9B73D8080025B4 = {isa = PBXFileReference; lastKnownFileType = sourcecode.cpp.objcpp; name = "include_juce_events.mm"; path = "../../JuceLibraryCode/include_juce_events.mm"; sourceTree = "SOURCE_ROOT"; };
		63F62DCD7D32846A5E6AD643 = {isa = PBXFileReference; lastKnownFileType = file.wav; name = "guitar_amp.wav"; path = "../../Resources/guitar_amp.wav"; sourceTree = "SOURCE_ROOT"; };
		671451B8F3E7EF14B54E4C85 = {isa = PBXFileReference; lastKnownFileType = file; name = "juce_data_structures"; path = "../../../../modules/juce_data_structures"; sourceTree = "SOURCE_ROOT"; };
		6EE1CBD2012184BE1AC65B20 = {isa = PBXFileReference; lastKnownFileType = sourcecode.c.h; name = BinaryData.h; path = ../../JuceLibraryCode/BinaryData.h; sourceTree = "SOURCE_ROOT"; };
		73C765531A971ECA3611E9B1 = {isa = PBXFileReference; lastKnownFileType = sourcecode.cpp.cpp; name = OscillatorDemo.cpp; path = ../../Source/Demos/OscillatorDemo.cpp; sourceTree = "SOURCE_ROOT"; };
		7499E560C79D2899AD1F7EBE = {isa = PBXFileReference; lastKnownFileType = wrapper.framework; name = QuartzCore.framework; path = System/Library/Frameworks/QuartzCore.framework; sourceTree = SDKROOT; };
		76FBC8DE4524D88CD71A2461 = {isa = PBXFileReference; lastKnownFileType = sourcecode.cpp.cpp; name = MainComponent.cpp; path = ../../Source/MainComponent.cpp; sourceTree = "SOURCE_ROOT"; };
		8550A2CAE40095565F8C0AE7 = {isa = PBXFileReference; lastKnownFileType = sourcecode.cpp.cpp; name = StateVariableFilterDemo.cpp; path = ../../Source/Demos/StateVariableFilterDemo.cpp; sourceTree = "SOURCE_ROOT"; };
		89F22EF7FA61689A853B075C = {isa = PBXFileReference; lastKnownFileType = file; name = "juce_events"; path = "../../../../modules/juce_events"; sourceTree = "SOURCE_ROOT"; };
		90DFC174390DB5F49FFDB1C3 = {isa = PBXFileReference; lastKnownFileType = wrapper.framework; name = CoreAudio.framework; path = System/Library/Frameworks/CoreAudio.framework; sourceTree = SDKROOT; };
		9201659302FE90E5E72B8BE1 = {isa = PBXFileReference; lastKnownFileType = file.xml; name = EditorColourScheme.xml; path = ../../Source/EditorColourScheme.xml; sourceTree = "SOURCE_ROOT"; };
		9494DEB767CC845A1AD9510D = {isa = PBXFileReference; lastKnownFileType = sourcecode.cpp.cpp; name = IIRFilterDemo.cpp; path = ../../Source/Demos/IIRFilterDemo.cpp; sourceTree = "SOURCE_ROOT"; };
		9725B565F1BCF0BCF813CA46 = {isa = PBXFileReference; lastKnownFileType = sourcecode.cpp.objcpp; name = "include_juce_audio_utils.mm"; path = "../../JuceLibraryCode/include_juce_audio_utils.mm"; sourceTree = "SOURCE_ROOT"; };
		98A1493C2F510FE4F7BADE6C = {isa = PBXFileReference; lastKnownFileType = file; name = "juce_gui_extra"; path = "../../../../modules/juce_gui_extra"; sourceTree = "SOURCE_ROOT"; };
		ACF39BD78F6577BCE4870008 = {isa = PBXFileReference; lastKnownFileType = sourcecode.c.h; name = Main.h; path = ../../Source/Main.h; sourceTree = "SOURCE_ROOT"; };
		AFB76927D90CA4C02CA006C2 = {isa = PBXFileReference; lastKnownFileType = sourcecode.cpp.objcpp; name = "include_juce_graphics.mm"; path = "../../JuceLibraryCode/include_juce_graphics.mm"; sourceTree = "SOURCE_ROOT"; };
		B54268B27C98348D707C2F96 = {isa = PBXFileReference; lastKnownFileType = file; name = "juce_audio_processors"; path = "../../../../modules/juce_audio_processors"; sourceTree = "SOURCE_ROOT"; };
		BAAE01307738C55C74FB97E2 = {isa = PBXFileReference; lastKnownFileType = sourcecode.cpp.objcpp; name = "include_juce_audio_formats.mm"; path = "../../JuceLibraryCode/include_juce_audio_formats.mm"; sourceTree = "SOURCE_ROOT"; };
		BBA410B4EF48CA0C81333CDA = {isa = PBXFileReference; lastKnownFileType = file; name = "juce_audio_utils"; path = "../../../../modules/juce_audio_utils"; sourceTree = "SOURCE_ROOT"; };
		C4E50C6E6E839D2650538DA2 = {isa = PBXFileReference; lastKnownFileType = sourcecode.cpp.cpp; name = OverdriveDemo.cpp; path = ../../Source/Demos/OverdriveDemo.cpp; sourceTree = "SOURCE_ROOT"; };
		C53B7CE0E5FAE95E9C5B6933 = {isa = PBXFileReference; lastKnownFileType = file; name = "juce_gui_basics"; path = "../../../../modules/juce_gui_basics"; sourceTree = "SOURCE_ROOT"; };
		C763871EA0E8B2D27A2280D3 = {isa = PBXFileReference; lastKnownFileType = sourcecode.cpp.objcpp; name = "include_juce_audio_processors.mm"; path = "../../JuceLibraryCode/include_juce_audio_processors.mm"; sourceTree = "SOURCE_ROOT"; };
		CC1412BBC06218A16A24D5A4 = {isa = PBXFileReference; lastKnownFileType = sourcecode.cpp.cpp; name = BinaryData.cpp; path = ../../JuceLibraryCode/BinaryData.cpp; sourceTree = "SOURCE_ROOT"; };
		CF8F7AC0FFFAB9596D5F8D0B = {isa = PBXFileReference; lastKnownFileType = sourcecode.cpp.objcpp; name = "include_juce_data_structures.mm"; path = "../../JuceLibraryCode/include_juce_data_structures.mm"; sourceTree = "SOURCE_ROOT"; };
		D1A9F502AE4D8860C5CF4A42 = {isa = PBXFileReference; lastKnownFileType = sourcecode.cpp.objcpp; name = "include_juce_dsp.mm"; path = "../../JuceLibraryCode/include_juce_dsp.mm"; sourceTree = "SOURCE_ROOT"; };
		D897B337AD0AA5743A5AE97F = {isa = PBXFileReference; lastKnownFileType = sourcecode.cpp.objcpp; name = "include_juce_core.mm"; path = "../../JuceLibraryCode/include_juce_core.mm"; sourceTree = "SOURCE_ROOT"; };
		D99979809CF3183E9C3EC100 = {isa = PBXFileReference; lastKnownFileType = wrapper.framework; name = Cocoa.framework; path = System/Library/Frameworks/Cocoa.framework; sourceTree = SDKROOT; };
		E38A058E16C077B756252A67 = {isa = PBXFileReference; lastKnownFileType = sourcecode.cpp.cpp; name = SIMDRegisterDemo.cpp; path = ../../Source/Demos/SIMDRegisterDemo.cpp; sourceTree = "SOURCE_ROOT"; };
		E65A292C57D74320DBADF3E2 = {isa = PBXFileReference; explicitFileType = wrapper.application; includeInIndex = 0; path = DSPDemo.app; sourceTree = "BUILT_PRODUCTS_DIR"; };
		EB69A35DA0426F3E08421471 = {isa = PBXFileReference; lastKnownFileType = sourcecode.c.h; name = DSPDemo.h; path = ../../Source/DSPDemo.h; sourceTree = "SOURCE_ROOT"; };
		F31891672A9861AD9B360E55 = {isa = PBXFileReference; lastKnownFileType = file; name = "juce_graphics"; path = "../../../../modules/juce_graphics"; sourceTree = "SOURCE_ROOT"; };
		F5F8A835861C4483A15017CD = {isa = PBXFileReference; lastKnownFileType = file; name = "juce_audio_devices"; path = "../../../../modules/juce_audio_devices"; sourceTree = "SOURCE_ROOT"; };
		FBB548A1A4C624BDB2212536 = {isa = PBXFileReference; lastKnownFileType = wrapper.framework; name = WebKit.framework; path = System/Library/Frameworks/WebKit.framework; sourceTree = SDKROOT; };
		160A87BE152187F31E517F24 = {isa = PBXGroup; children = (
					4DD7BCF876946C02E151FA8E,
					9201659302FE90E5E72B8BE1,
					63F62DCD7D32846A5E6AD643, ); name = Resources; sourceTree = "<group>"; };
		DD4C2FA1894FB7738704E0E9 = {isa = PBXGroup; children = (
					02D5C32B097EB318955BAD14,
					02008353D342DBCDE2F8609B,
					433721BDA52563DA31C80646,
					9494DEB767CC845A1AD9510D,
					73C765531A971ECA3611E9B1,
					C4E50C6E6E839D2650538DA2,
					E38A058E16C077B756252A67,
					8550A2CAE40095565F8C0AE7,
					5B02D5BBF8ED6F741B8A6736, ); name = Demos; sourceTree = "<group>"; };
		85DC2349B9F14ADA2668617A = {isa = PBXGroup; children = (
					160A87BE152187F31E517F24,
					DD4C2FA1894FB7738704E0E9,
					EB69A35DA0426F3E08421471,
					35D05B99E462B2B228EC8302,
					ACF39BD78F6577BCE4870008,
					76FBC8DE4524D88CD71A2461,
					0D3E7AE6261F456BF8ED7336, ); name = Source; sourceTree = "<group>"; };
		3F652360BD2B2419E340B88D = {isa = PBXGroup; children = (
					85DC2349B9F14ADA2668617A, ); name = DSPDemo; sourceTree = "<group>"; };
		06C2216BF0064825FDFDA294 = {isa = PBXGroup; children = (
					2007BEE2849103E59355B196,
					F5F8A835861C4483A15017CD,
					3A4131AFD624A518DA9C7720,
					B54268B27C98348D707C2F96,
					BBA410B4EF48CA0C81333CDA,
					173D0DF09B3C17C1F12DC07F,
					671451B8F3E7EF14B54E4C85,
					4B446DCE80088D0F1B98AB2A,
					89F22EF7FA61689A853B075C,
					F31891672A9861AD9B360E55,
					C53B7CE0E5FAE95E9C5B6933,
					98A1493C2F510FE4F7BADE6C, ); name = "Juce Modules"; sourceTree = "<group>"; };
		F5A65560641B925929FDA8EF = {isa = PBXGroup; children = (
					203EB56F2769104DA12C0F26,
					CC1412BBC06218A16A24D5A4,
					6EE1CBD2012184BE1AC65B20,
					1237FB4903D3E53902BC2D21,
					4E84E303FA33538296AF0138,
					BAAE01307738C55C74FB97E2,
					C763871EA0E8B2D27A2280D3,
					9725B565F1BCF0BCF813CA46,
					D897B337AD0AA5743A5AE97F,
					CF8F7AC0FFFAB9596D5F8D0B,
					D1A9F502AE4D8860C5CF4A42,
					627259D3BE9B73D8080025B4,
					AFB76927D90CA4C02CA006C2,
					1D39E703487A686D0BA870E8,
					0F18417C406C01C6F3750011,
					0AAE0DB1E291E8E839660B77, ); name = "Juce Library Code"; sourceTree = "<group>"; };
		728B8D1AF5E0A4CC87C837AE = {isa = PBXGroup; children = (
					09466AA1FB1B2B54559499DA,
					127F5D34AF2F6FA4D1B244DC, ); name = Resources; sourceTree = "<group>"; };
		B63B86F9F433095F2AC4ABA6 = {isa = PBXGroup; children = (
					36DC4FECDB1527A540528928,
					1BFAE533720CF64A048D7594,
					58DFF90DB01544BBA2258FAB,
					D99979809CF3183E9C3EC100,
					90DFC174390DB5F49FFDB1C3,
					5F1E4007B8CA56A36AE2A9A8,
					055A49508ABAEEB6B203913C,
					1ED0F76740852AAD1E10E589,
					7499E560C79D2899AD1F7EBE,
					FBB548A1A4C624BDB2212536, ); name = Frameworks; sourceTree = "<group>"; };
		B06D91A3358971D3BD4D83DF = {isa = PBXGroup; children = (
					E65A292C57D74320DBADF3E2, ); name = Products; sourceTree = "<group>"; };
		58576490CB5917F924F77F96 = {isa = PBXGroup; children = (
					3F652360BD2B2419E340B88D,
					06C2216BF0064825FDFDA294,
					F5A65560641B925929FDA8EF,
					728B8D1AF5E0A4CC87C837AE,
					B63B86F9F433095F2AC4ABA6,
					B06D91A3358971D3BD4D83DF, ); name = Source; sourceTree = "<group>"; };
		40ABF132098EAC342145CDE8 = {isa = XCBuildConfiguration; buildSettings = {
				CLANG_CXX_LANGUAGE_STANDARD = "c++14";
				CLANG_LINK_OBJC_RUNTIME = NO;
				COMBINE_HIDPI_IMAGES = YES;
				CONFIGURATION_BUILD_DIR = "$(PROJECT_DIR)/build/$(CONFIGURATION)";
				COPY_PHASE_STRIP = NO;
				GCC_DYNAMIC_NO_PIC = NO;
				GCC_OPTIMIZATION_LEVEL = 0;
				GCC_PREPROCESSOR_DEFINITIONS = (
					"_DEBUG=1",
					"DEBUG=1",
					"JUCER_XCODE_MAC_F6D2F4CF=1",
					"JUCE_APP_VERSION=1.0.0",
					"JUCE_APP_VERSION_HEX=0x10000",
					"JucePlugin_Build_VST=0",
					"JucePlugin_Build_VST3=0",
					"JucePlugin_Build_AU=0",
					"JucePlugin_Build_AUv3=0",
					"JucePlugin_Build_RTAS=0",
					"JucePlugin_Build_AAX=0",
					"JucePlugin_Build_Standalone=0", );
				GCC_VERSION = com.apple.compilers.llvm.clang.1_0;
				HEADER_SEARCH_PATHS = ("../../JuceLibraryCode", "../../../../modules", "$(inherited)");
				INFOPLIST_FILE = Info-App.plist;
				INFOPLIST_PREPROCESS = NO;
				INSTALL_PATH = "$(HOME)/Applications";
				MACOSX_DEPLOYMENT_TARGET = 10.11;
				MACOSX_DEPLOYMENT_TARGET_ppc = 10.4;
				OTHER_CPLUSPLUSFLAGS = "-pedantic-errors -Wreorder -Wconstant-conversion -Wint-conversion -Woverloaded-virtual -Wuninitialized -Wunused-parameter -Wshorten-64-to-32 -Wstrict-aliasing -Wshadow -Wconversion -Wsign-compare -Wsign-conversion";
				PRODUCT_BUNDLE_IDENTIFIER = com.roli.DSPDemo;
				SDKROOT_ppc = macosx10.5;
				USE_HEADERMAP = NO; }; name = Debug; };
		0BA7559B9A8E7D07DD66DBDE = {isa = XCBuildConfiguration; buildSettings = {
				CLANG_CXX_LANGUAGE_STANDARD = "c++14";
				CLANG_LINK_OBJC_RUNTIME = NO;
				COMBINE_HIDPI_IMAGES = YES;
				CONFIGURATION_BUILD_DIR = "$(PROJECT_DIR)/build/$(CONFIGURATION)";
				DEAD_CODE_STRIPPING = YES;
				GCC_GENERATE_DEBUGGING_SYMBOLS = NO;
				GCC_OPTIMIZATION_LEVEL = 3;
				GCC_PREPROCESSOR_DEFINITIONS = (
					"_NDEBUG=1",
					"NDEBUG=1",
					"JUCER_XCODE_MAC_F6D2F4CF=1",
					"JUCE_APP_VERSION=1.0.0",
					"JUCE_APP_VERSION_HEX=0x10000",
					"JucePlugin_Build_VST=0",
					"JucePlugin_Build_VST3=0",
					"JucePlugin_Build_AU=0",
					"JucePlugin_Build_AUv3=0",
					"JucePlugin_Build_RTAS=0",
					"JucePlugin_Build_AAX=0",
					"JucePlugin_Build_Standalone=0", );
				GCC_SYMBOLS_PRIVATE_EXTERN = YES;
				GCC_VERSION = com.apple.compilers.llvm.clang.1_0;
				HEADER_SEARCH_PATHS = ("../../JuceLibraryCode", "../../../../modules", "$(inherited)");
				INFOPLIST_FILE = Info-App.plist;
				INFOPLIST_PREPROCESS = NO;
				INSTALL_PATH = "$(HOME)/Applications";
				MACOSX_DEPLOYMENT_TARGET = 10.11;
				MACOSX_DEPLOYMENT_TARGET_ppc = 10.4;
				OTHER_CPLUSPLUSFLAGS = "-pedantic-errors -Wreorder -Wconstant-conversion -Wint-conversion -Woverloaded-virtual -Wuninitialized -Wunused-parameter -Wshorten-64-to-32 -Wstrict-aliasing -Wshadow -Wconversion -Wsign-compare -Wsign-conversion";
				PRODUCT_BUNDLE_IDENTIFIER = com.roli.DSPDemo;
				SDKROOT_ppc = macosx10.5;
				USE_HEADERMAP = NO; }; name = Release; };
		09801068C2D3FD5A61F113BD = {isa = XCBuildConfiguration; buildSettings = {
				ALWAYS_SEARCH_USER_PATHS = NO;
				CLANG_WARN_BLOCK_CAPTURE_AUTORELEASING = YES;
				CLANG_WARN_BOOL_CONVERSION = YES;
				CLANG_WARN_COMMA = YES;
				CLANG_WARN_CONSTANT_CONVERSION = YES;
				CLANG_WARN_EMPTY_BODY = YES;
				CLANG_WARN_ENUM_CONVERSION = YES;
				CLANG_WARN_INFINITE_RECURSION = YES;
				CLANG_WARN_INT_CONVERSION = YES;
				CLANG_WARN_NON_LITERAL_NULL_CONVERSION = YES;
				CLANG_WARN_OBJC_LITERAL_CONVERSION = YES;
				CLANG_WARN_RANGE_LOOP_ANALYSIS = YES;
				CLANG_WARN_STRICT_PROTOTYPES = YES;
				CLANG_WARN_SUSPICIOUS_MOVE = YES;
				CLANG_WARN_UNREACHABLE_CODE = YES;
				CLANG_WARN__DUPLICATE_METHOD_MATCH = YES;
				DEBUG_INFORMATION_FORMAT = "dwarf";
				ENABLE_STRICT_OBJC_MSGSEND = YES;
				ENABLE_TESTABILITY = YES;
				GCC_C_LANGUAGE_STANDARD = c11;
				GCC_INLINES_ARE_PRIVATE_EXTERN = YES;
				GCC_MODEL_TUNING = G5;
				GCC_NO_COMMON_BLOCKS = YES;
				GCC_WARN_64_TO_32_BIT_CONVERSION = YES;
				GCC_WARN_ABOUT_RETURN_TYPE = YES;
				GCC_WARN_CHECK_SWITCH_STATEMENTS = YES;
				GCC_WARN_MISSING_PARENTHESES = YES;
				GCC_WARN_NON_VIRTUAL_DESTRUCTOR = YES;
				GCC_WARN_TYPECHECK_CALLS_TO_PRINTF = YES;
				GCC_WARN_UNDECLARED_SELECTOR = YES;
				GCC_WARN_UNINITIALIZED_AUTOS = YES;
				GCC_WARN_UNUSED_FUNCTION = YES;
				GCC_WARN_UNUSED_VARIABLE = YES;
				ONLY_ACTIVE_ARCH = YES;
				PRODUCT_NAME = "DSPDemo";
				WARNING_CFLAGS = -Wreorder;
				ZERO_LINK = NO; }; name = Debug; };
		4FDDF0840945A67C7655214D = {isa = XCBuildConfiguration; buildSettings = {
				ALWAYS_SEARCH_USER_PATHS = NO;
				CLANG_WARN_BLOCK_CAPTURE_AUTORELEASING = YES;
				CLANG_WARN_BOOL_CONVERSION = YES;
				CLANG_WARN_COMMA = YES;
				CLANG_WARN_CONSTANT_CONVERSION = YES;
				CLANG_WARN_EMPTY_BODY = YES;
				CLANG_WARN_ENUM_CONVERSION = YES;
				CLANG_WARN_INFINITE_RECURSION = YES;
				CLANG_WARN_INT_CONVERSION = YES;
				CLANG_WARN_NON_LITERAL_NULL_CONVERSION = YES;
				CLANG_WARN_OBJC_LITERAL_CONVERSION = YES;
				CLANG_WARN_RANGE_LOOP_ANALYSIS = YES;
				CLANG_WARN_STRICT_PROTOTYPES = YES;
				CLANG_WARN_SUSPICIOUS_MOVE = YES;
				CLANG_WARN_UNREACHABLE_CODE = YES;
				CLANG_WARN__DUPLICATE_METHOD_MATCH = YES;
				DEBUG_INFORMATION_FORMAT = "dwarf";
				ENABLE_STRICT_OBJC_MSGSEND = YES;
				GCC_C_LANGUAGE_STANDARD = c11;
				GCC_INLINES_ARE_PRIVATE_EXTERN = YES;
				GCC_MODEL_TUNING = G5;
				GCC_NO_COMMON_BLOCKS = YES;
				GCC_WARN_64_TO_32_BIT_CONVERSION = YES;
				GCC_WARN_ABOUT_RETURN_TYPE = YES;
				GCC_WARN_CHECK_SWITCH_STATEMENTS = YES;
				GCC_WARN_MISSING_PARENTHESES = YES;
				GCC_WARN_NON_VIRTUAL_DESTRUCTOR = YES;
				GCC_WARN_TYPECHECK_CALLS_TO_PRINTF = YES;
				GCC_WARN_UNDECLARED_SELECTOR = YES;
				GCC_WARN_UNINITIALIZED_AUTOS = YES;
				GCC_WARN_UNUSED_FUNCTION = YES;
				GCC_WARN_UNUSED_VARIABLE = YES;
				PRODUCT_NAME = "DSPDemo";
				WARNING_CFLAGS = -Wreorder;
				ZERO_LINK = NO; }; name = Release; };
		C3E80ACFE5F9FDDAB1E06E72 = {isa = PBXTargetDependency; target = F242499B02B0F20F4BC2A204; };
		EA0FBD36E6392D1EACC6E6D0 = {isa = XCConfigurationList; buildConfigurations = (
					09801068C2D3FD5A61F113BD,
					4FDDF0840945A67C7655214D, ); defaultConfigurationIsVisible = 0; defaultConfigurationName = Debug; };
		39418CAC1E6EC80E233DC4FC = {isa = XCConfigurationList; buildConfigurations = (
					40ABF132098EAC342145CDE8,
					0BA7559B9A8E7D07DD66DBDE, ); defaultConfigurationIsVisible = 0; defaultConfigurationName = Debug; };
		BED42A90D1C7884760EE4C47 = {isa = PBXResourcesBuildPhase; buildActionMask = 2147483647; files = (
					DD7CEC23CAF513B19FE69354, ); runOnlyForDeploymentPostprocessing = 0; };
		5EBE0F675FD5F7A6E27DDE6F = {isa = PBXSourcesBuildPhase; buildActionMask = 2147483647; files = (
					0997809708D0721BD5B82709,
					9762387BB6E55A9A677399FB,
					C9B89B4E158A2C0878062438,
					55620C4E4133FDC86B8704B1,
					147AAD8BE104CA60D82AB311,
					75F224C245C8528EBDD957E3,
					860CA02753C336CA6F388F70,
					8FB76DEF9AAE508E909C56A3,
					58601BAE688B1B82AEEA70E8,
					5645E67DE7D9CAD8BB6E1D27,
					3170A9354DC65058A387FB9E,
					22E67EE159B5A17C3433A056,
					0EEC72FF172987931C7728A1,
					2FDD63BBA0DF00FDCED31F8B,
					7F32243EF13DE189D0F72284,
					ABC5C43FA079E18445EDE7EF,
					929CAC97D84394062CB24A6F,
					B12110B9A5093DE175B084AC,
					44AB7F89A1DFC43E3E52F3BA,
					4C6ED9D462C6AE62D7368626,
					BD5C77C4C98509A304E1BC43,
					A1AFAFF71FE3089042177336,
					08D820C1B47703D5C153D6F2,
					04F96ABC48723FFD9346F815, ); runOnlyForDeploymentPostprocessing = 0; };
		F866D841CA0AD769D1DD706C = {isa = PBXFrameworksBuildPhase; buildActionMask = 2147483647; files = (
					79F4B2BF7879680EBB5B7DBE,
					A68C0210E63579CE6AC237AE,
					D63164D4982A647B45B1B35A,
					18D32BCB58F415AB8B915AA6,
					1FE90DECD30F20F4BD4194E5,
					1751CA561F0C689757B48499,
					67A0FE9B4C958E755BC59CB6,
					2007C473FC7B310FAC9120F4,
					DDFB4E2EE2BA04B969F91CD8,
					74DA94C93F0B9F6F8D839F90, ); runOnlyForDeploymentPostprocessing = 0; };
		F242499B02B0F20F4BC2A204 = {isa = PBXNativeTarget; buildConfigurationList = 39418CAC1E6EC80E233DC4FC; buildPhases = (
					BED42A90D1C7884760EE4C47,
					5EBE0F675FD5F7A6E27DDE6F,
					F866D841CA0AD769D1DD706C, ); buildRules = ( ); dependencies = (  ); name = "DSPDemo - App"; productName = DSPDemo; productReference = E65A292C57D74320DBADF3E2; productType = "com.apple.product-type.application"; };
		C80D6F4D84A23D8254630291 = {isa = PBXProject; buildConfigurationList = EA0FBD36E6392D1EACC6E6D0; attributes = { LastUpgradeCheck = 0830; TargetAttributes = { F242499B02B0F20F4BC2A204 = { SystemCapabilities = {com.apple.ApplicationGroups.iOS = { enabled = 0; }; com.apple.InAppPurchase = { enabled = 0; }; com.apple.InterAppAudio = { enabled = 0; }; com.apple.Push = { enabled = 0; }; com.apple.Sandbox = { enabled = 0; }; }; }; }; }; compatibilityVersion = "Xcode 3.2"; hasScannedForEncodings = 0; mainGroup = 58576490CB5917F924F77F96; projectDirPath = ""; projectRoot = ""; targets = (F242499B02B0F20F4BC2A204); };
	};
	rootObject = C80D6F4D84A23D8254630291;
}
