Microsoft Visual Studio Solution File, Format Version 10.00
# Visual C++ Express 2008
Project("{564A18DF-F8DA-8D8F-D473-CFFE700460BA}") = "Jucer", "Jucer.vcproj", "{47850045-7AC4-D12B-6F23-A2E7E3B3617A}"
EndProject
Global
	GlobalSection(SolutionConfigurationPlatforms) = preSolution
		Debug|Win32 = Debug|Win32
		Release|Win32 = Release|Win32
	EndGlobalSection
	GlobalSection(ProjectConfigurationPlatforms) = postSolution
		{47850045-7AC4-D12B-6F23-A2E7E3B3617A}.Debug|Win32.ActiveCfg = Debug|Win32
		{47850045-7AC4-D12B-6F23-A2E7E3B3617A}.Debug|Win32.Build.0 = Debug|Win32
		{47850045-7AC4-D12B-6F23-A2E7E3B3617A}.Release|Win32.ActiveCfg = Release|Win32
		{47850045-7AC4-D12B-6F23-A2E7E3B3617A}.Release|Win32.Build.0 = Release|Win32
	EndGlobalSection
	GlobalSection(SolutionProperties) = preSolution
		HideSolutionNode = FALSE
	EndGlobalSection
EndGlobal
