Microsoft Visual Studio Solution File, Format Version 11.00
# Visual Studio 2015

Project("{8BC9CEB8-8B4A-11D0-8D11-00A0C91BC942}") = "MultiOutSynth - VST", "MultiOutSynth_VST.vcxproj", "{7790E2A1-4049-EC16-F460-753EE395D0C9}"
	ProjectSection(ProjectDependencies) = postProject
		{33FE4627-BBEA-82E1-5512-8C1F218CF560} = {33FE4627-BBEA-82E1-5512-8C1F218CF560}
	EndProjectSection
EndProject
Project("{8BC9CEB8-8B4A-11D0-8D11-00A0C91BC942}") = "MultiOutSynth - VST3", "MultiOutSynth_VST3.vcxproj", "{44876436-075F-C9F0-C107-5BB5C5DE6638}"
	ProjectSection(ProjectDependencies) = postProject
		{33FE4627-BBEA-82E1-5512-8C1F218CF560} = {33FE4627-BBEA-82E1-5512-8C1F218CF560}
	EndProjectSection
EndProject
Project("{8BC9CEB8-8B4A-11D0-8D11-00A0C91BC942}") = "MultiOutSynth - AAX", "MultiOutSynth_AAX.vcxproj", "{6682B889-29F8-82A9-59E4-6F23A6DEF43F}"
	ProjectSection(ProjectDependencies) = postProject
		{33FE4627-BBEA-82E1-5512-8C1F218CF560} = {33FE4627-BBEA-82E1-5512-8C1F218CF560}
	EndProjectSection
EndProject
Project("{8BC9CEB8-8B4A-11D0-8D11-00A0C91BC942}") = "MultiOutSynth - Shared Code", "MultiOutSynth_SharedCode.vcxproj", "{33FE4627-BBEA-82E1-5512-8C1F218CF560}"
EndProject
Global
	GlobalSection(SolutionConfigurationPlatforms) = preSolution
		Debug|Win32 = Debug|Win32
		Release|Win32 = Release|Win32
	EndGlobalSection
	GlobalSection(ProjectConfigurationPlatforms) = postSolution
		{7790E2A1-4049-EC16-F460-753EE395D0C9}.Debug|Win32.ActiveCfg = Debug|Win32
		{7790E2A1-4049-EC16-F460-753EE395D0C9}.Debug|Win32.Build.0 = Debug|Win32
		{7790E2A1-4049-EC16-F460-753EE395D0C9}.Release|Win32.ActiveCfg = Release|Win32
		{7790E2A1-4049-EC16-F460-753EE395D0C9}.Release|Win32.Build.0 = Release|Win32
		{44876436-075F-C9F0-C107-5BB5C5DE6638}.Debug|Win32.ActiveCfg = Debug|Win32
		{44876436-075F-C9F0-C107-5BB5C5DE6638}.Debug|Win32.Build.0 = Debug|Win32
		{44876436-075F-C9F0-C107-5BB5C5DE6638}.Release|Win32.ActiveCfg = Release|Win32
		{44876436-075F-C9F0-C107-5BB5C5DE6638}.Release|Win32.Build.0 = Release|Win32
		{6682B889-29F8-82A9-59E4-6F23A6DEF43F}.Debug|Win32.ActiveCfg = Debug|Win32
		{6682B889-29F8-82A9-59E4-6F23A6DEF43F}.Debug|Win32.Build.0 = Debug|Win32
		{6682B889-29F8-82A9-59E4-6F23A6DEF43F}.Release|Win32.ActiveCfg = Release|Win32
		{6682B889-29F8-82A9-59E4-6F23A6DEF43F}.Release|Win32.Build.0 = Release|Win32
		{33FE4627-BBEA-82E1-5512-8C1F218CF560}.Debug|Win32.ActiveCfg = Debug|Win32
		{33FE4627-BBEA-82E1-5512-8C1F218CF560}.Debug|Win32.Build.0 = Debug|Win32
		{33FE4627-BBEA-82E1-5512-8C1F218CF560}.Release|Win32.ActiveCfg = Release|Win32
		{33FE4627-BBEA-82E1-5512-8C1F218CF560}.Release|Win32.Build.0 = Release|Win32
	EndGlobalSection
	GlobalSection(SolutionProperties) = preSolution
		HideSolutionNode = FALSE
	EndGlobalSection
EndGlobal
