<?xml version="1.0" encoding="utf-8"?>

<Project ToolsVersion="4.0" xmlns="http://schemas.microsoft.com/developer/msbuild/2003">
  <ItemGroup>
    <Filter Include="The Jucer">
      <UniqueIdentifier>{251378DC-2EBB-4B5D-54B9-F55AC57A478F}</UniqueIdentifier>
    </Filter>
    <Filter Include="The Jucer\Application">
      <UniqueIdentifier>{31EDBA88-31A5-997C-9F07-EE6B43F914D0}</UniqueIdentifier>
    </Filter>
    <Filter Include="The Jucer\Code Editor">
      <UniqueIdentifier>{F41CE18D-09FC-818B-809B-287ED61EC70C}</UniqueIdentifier>
    </Filter>
    <Filter Include="The Jucer\Project">
      <UniqueIdentifier>{0F8BE833-CD54-C01F-F820-48DFE266AE32}</UniqueIdentifier>
    </Filter>
    <Filter Include="The Jucer\Utility">
      <UniqueIdentifier>{E870C076-EBCA-BE3D-D4EB-5D91F2FF6C9F}</UniqueIdentifier>
    </Filter>
    <Filter Include="The Jucer\BinaryData">
      <UniqueIdentifier>{FC97072F-FF15-52B0-B523-A4C3265DA556}</UniqueIdentifier>
    </Filter>
    <Filter Include="Juce Library Code">
      <UniqueIdentifier>{F7048EA6-F4B2-F31B-E402-E05D678A1111}</UniqueIdentifier>
    </Filter>
  </ItemGroup>
  <ItemGroup>
    <ClCompile Include="..\..\Source\Application\jucer_DocumentEditorComponent.cpp">
      <Filter>The Jucer\Application</Filter>
    </ClCompile>
    <ClCompile Include="..\..\Source\Application\jucer_FilePreviewComponent.cpp">
      <Filter>The Jucer\Application</Filter>
    </ClCompile>
    <ClCompile Include="..\..\Source\Application\jucer_JuceUpdater.cpp">
      <Filter>The Jucer\Application</Filter>
    </ClCompile>
    <ClCompile Include="..\..\Source\Application\jucer_Main.cpp">
      <Filter>The Jucer\Application</Filter>
    </ClCompile>
    <ClCompile Include="..\..\Source\Application\jucer_MainWindow.cpp">
      <Filter>The Jucer\Application</Filter>
    </ClCompile>
    <ClCompile Include="..\..\Source\Application\jucer_OpenDocumentManager.cpp">
      <Filter>The Jucer\Application</Filter>
    </ClCompile>
    <ClCompile Include="..\..\Source\Code Editor\jucer_SourceCodeEditor.cpp">
      <Filter>The Jucer\Code Editor</Filter>
    </ClCompile>
    <ClCompile Include="..\..\Source\Project\jucer_GroupInformationComponent.cpp">
      <Filter>The Jucer\Project</Filter>
    </ClCompile>
    <ClCompile Include="..\..\Source\Project\jucer_NewFileWizard.cpp">
      <Filter>The Jucer\Project</Filter>
    </ClCompile>
    <ClCompile Include="..\..\Source\Project\jucer_NewProjectWizard.cpp">
      <Filter>The Jucer\Project</Filter>
    </ClCompile>
    <ClCompile Include="..\..\Source\Project\jucer_Project.cpp">
      <Filter>The Jucer\Project</Filter>
    </ClCompile>
    <ClCompile Include="..\..\Source\Project\jucer_ProjectContentComponent.cpp">
      <Filter>The Jucer\Project</Filter>
    </ClCompile>
    <ClCompile Include="..\..\Source\Project\jucer_ProjectExporter.cpp">
      <Filter>The Jucer\Project</Filter>
    </ClCompile>
    <ClCompile Include="..\..\Source\Project\jucer_ProjectInformationComponent.cpp">
      <Filter>The Jucer\Project</Filter>
    </ClCompile>
    <ClCompile Include="..\..\Source\Project\jucer_ProjectTreeViewBase.cpp">
      <Filter>The Jucer\Project</Filter>
    </ClCompile>
    <ClCompile Include="..\..\Source\Project\jucer_ResourceFile.cpp">
      <Filter>The Jucer\Project</Filter>
    </ClCompile>
    <ClCompile Include="..\..\Source\Project\jucer_TreeViewTypes.cpp">
      <Filter>The Jucer\Project</Filter>
    </ClCompile>
    <ClCompile Include="..\..\Source\Utility\jucer_CodeHelpers.cpp">
      <Filter>The Jucer\Utility</Filter>
    </ClCompile>
    <ClCompile Include="..\..\Source\Utility\jucer_FileHelpers.cpp">
      <Filter>The Jucer\Utility</Filter>
    </ClCompile>
    <ClCompile Include="..\..\Source\Utility\jucer_JucerTreeViewBase.cpp">
      <Filter>The Jucer\Utility</Filter>
    </ClCompile>
    <ClCompile Include="..\..\Source\Utility\jucer_MiscUtilities.cpp">
      <Filter>The Jucer\Utility</Filter>
    </ClCompile>
    <ClCompile Include="..\..\Source\Utility\jucer_StoredSettings.cpp">
      <Filter>The Jucer\Utility</Filter>
    </ClCompile>
    <ClCompile Include="..\..\Source\BinaryData\AudioPluginXCodeScript.txt">
      <Filter>The Jucer\BinaryData</Filter>
    </ClCompile>
    <ClCompile Include="..\..\Source\BinaryData\brushed_aluminium.png">
      <Filter>The Jucer\BinaryData</Filter>
    </ClCompile>
    <ClCompile Include="..\..\Source\BinaryData\jucer_AudioPluginEditorTemplate.cpp">
      <Filter>The Jucer\BinaryData</Filter>
    </ClCompile>
    <ClCompile Include="..\..\Source\BinaryData\jucer_AudioPluginFilterTemplate.cpp">
      <Filter>The Jucer\BinaryData</Filter>
    </ClCompile>
    <ClCompile Include="..\..\Source\BinaryData\jucer_MainConsoleAppTemplate.cpp">
      <Filter>The Jucer\BinaryData</Filter>
    </ClCompile>
    <ClCompile Include="..\..\Source\BinaryData\jucer_MainTemplate.cpp">
      <Filter>The Jucer\BinaryData</Filter>
    </ClCompile>
    <ClCompile Include="..\..\Source\BinaryData\jucer_NewCppFileTemplate.cpp">
      <Filter>The Jucer\BinaryData</Filter>
    </ClCompile>
    <ClCompile Include="..\..\Source\BinaryData\jucer_WindowTemplate.cpp">
      <Filter>The Jucer\BinaryData</Filter>
    </ClCompile>
    <ClCompile Include="..\..\Source\BinaryData\juce_icon.png">
      <Filter>The Jucer\BinaryData</Filter>
    </ClCompile>
    <ClCompile Include="..\..\JuceLibraryCode\BinaryData.cpp">
      <Filter>Juce Library Code</Filter>
    </ClCompile>
    <ClCompile Include="..\..\JuceLibraryCode\JuceLibraryCode1.cpp">
      <Filter>Juce Library Code</Filter>
    </ClCompile>
    <ClCompile Include="..\..\JuceLibraryCode\JuceLibraryCode2.cpp">
      <Filter>Juce Library Code</Filter>
    </ClCompile>
    <ClCompile Include="..\..\JuceLibraryCode\JuceLibraryCode3.cpp">
      <Filter>Juce Library Code</Filter>
    </ClCompile>
    <ClCompile Include="..\..\JuceLibraryCode\JuceLibraryCode4.cpp">
      <Filter>Juce Library Code</Filter>
    </ClCompile>
  </ItemGroup>
  <ItemGroup>
    <ClInclude Include="..\..\Source\Application\jucer_Application.h">
      <Filter>The Jucer\Application</Filter>
    </ClInclude>
    <ClInclude Include="..\..\Source\Application\jucer_CommandIDs.h">
      <Filter>The Jucer\Application</Filter>
    </ClInclude>
    <ClInclude Include="..\..\Source\Application\jucer_CommonHeaders.h">
      <Filter>The Jucer\Application</Filter>
    </ClInclude>
    <ClInclude Include="..\..\Source\Application\jucer_DocumentEditorComponent.h">
      <Filter>The Jucer\Application</Filter>
    </ClInclude>
    <ClInclude Include="..\..\Source\Application\jucer_FilePreviewComponent.h">
      <Filter>The Jucer\Application</Filter>
    </ClInclude>
    <ClInclude Include="..\..\Source\jucer_Headers.h">
      <Filter>The Jucer\Application</Filter>
    </ClInclude>
    <ClInclude Include="..\..\Source\Application\jucer_JuceUpdater.h">
      <Filter>The Jucer\Application</Filter>
    </ClInclude>
    <ClInclude Include="..\..\Source\Application\jucer_MainWindow.h">
      <Filter>The Jucer\Application</Filter>
    </ClInclude>
    <ClInclude Include="..\..\Source\Application\jucer_OpenDocumentManager.h">
      <Filter>The Jucer\Application</Filter>
    </ClInclude>
    <ClInclude Include="..\..\Source\Code Editor\jucer_SourceCodeEditor.h">
      <Filter>The Jucer\Code Editor</Filter>
    </ClInclude>
    <ClInclude Include="..\..\Source\Project\jucer_GroupInformationComponent.h">
      <Filter>The Jucer\Project</Filter>
    </ClInclude>
    <ClInclude Include="..\..\Source\Project\jucer_NewFileWizard.h">
      <Filter>The Jucer\Project</Filter>
    </ClInclude>
    <ClInclude Include="..\..\Source\Project\jucer_NewProjectWizard.h">
      <Filter>The Jucer\Project</Filter>
    </ClInclude>
    <ClInclude Include="..\..\Source\Project\jucer_Project.h">
      <Filter>The Jucer\Project</Filter>
    </ClInclude>
    <ClInclude Include="..\..\Source\Project\jucer_ProjectContentComponent.h">
      <Filter>The Jucer\Project</Filter>
    </ClInclude>
    <ClInclude Include="..\..\Source\Project\jucer_ProjectExporter.h">
      <Filter>The Jucer\Project</Filter>
    </ClInclude>
    <ClInclude Include="..\..\Source\Project\jucer_ProjectExport_Make.h">
      <Filter>The Jucer\Project</Filter>
    </ClInclude>
    <ClInclude Include="..\..\Source\Project\jucer_ProjectExport_MSVC.h">
      <Filter>The Jucer\Project</Filter>
    </ClInclude>
    <ClInclude Include="..\..\Source\Project\jucer_ProjectExport_XCode.h">
      <Filter>The Jucer\Project</Filter>
    </ClInclude>
    <ClInclude Include="..\..\Source\Project\jucer_ProjectInformationComponent.h">
      <Filter>The Jucer\Project</Filter>
    </ClInclude>
    <ClInclude Include="..\..\Source\Project\jucer_ProjectSaver.h">
      <Filter>The Jucer\Project</Filter>
    </ClInclude>
    <ClInclude Include="..\..\Source\Project\jucer_ProjectTreeViewBase.h">
      <Filter>The Jucer\Project</Filter>
    </ClInclude>
    <ClInclude Include="..\..\Source\Project\jucer_ResourceFile.h">
      <Filter>The Jucer\Project</Filter>
    </ClInclude>
    <ClInclude Include="..\..\Source\Project\jucer_TreeViewTypes.h">
      <Filter>The Jucer\Project</Filter>
    </ClInclude>
    <ClInclude Include="..\..\Source\Utility\jucer_CodeHelpers.h">
      <Filter>The Jucer\Utility</Filter>
    </ClInclude>
    <ClInclude Include="..\..\Source\Utility\jucer_Colours.h">
      <Filter>The Jucer\Utility</Filter>
    </ClInclude>
    <ClInclude Include="..\..\Source\Utility\jucer_FileHelpers.h">
      <Filter>The Jucer\Utility</Filter>
    </ClInclude>
    <ClInclude Include="..\..\Source\Utility\jucer_JucerTreeViewBase.h">
      <Filter>The Jucer\Utility</Filter>
    </ClInclude>
    <ClInclude Include="..\..\Source\Utility\jucer_MiscUtilities.h">
      <Filter>The Jucer\Utility</Filter>
    </ClInclude>
    <ClInclude Include="..\..\Source\Utility\jucer_PresetIDs.h">
      <Filter>The Jucer\Utility</Filter>
    </ClInclude>
    <ClInclude Include="..\..\Source\Utility\jucer_RelativePath.h">
      <Filter>The Jucer\Utility</Filter>
    </ClInclude>
    <ClInclude Include="..\..\Source\Utility\jucer_StoredSettings.h">
      <Filter>The Jucer\Utility</Filter>
    </ClInclude>
    <ClInclude Include="..\..\Source\Utility\jucer_ValueSourceHelpers.h">
      <Filter>The Jucer\Utility</Filter>
    </ClInclude>
    <ClInclude Include="..\..\Source\BinaryData\jucer_AudioPluginEditorTemplate.h">
      <Filter>The Jucer\BinaryData</Filter>
    </ClInclude>
    <ClInclude Include="..\..\Source\BinaryData\jucer_AudioPluginFilterTemplate.h">
      <Filter>The Jucer\BinaryData</Filter>
    </ClInclude>
    <ClInclude Include="..\..\Source\BinaryData\jucer_NewCppFileTemplate.h">
      <Filter>The Jucer\BinaryData</Filter>
    </ClInclude>
    <ClInclude Include="..\..\Source\BinaryData\jucer_WindowTemplate.h">
      <Filter>The Jucer\BinaryData</Filter>
    </ClInclude>
    <ClInclude Include="..\..\JuceLibraryCode\AppConfig.h">
      <Filter>Juce Library Code</Filter>
    </ClInclude>
    <ClInclude Include="..\..\JuceLibraryCode\JuceHeader.h">
      <Filter>Juce Library Code</Filter>
    </ClInclude>
    <ClInclude Include="..\..\JuceLibraryCode\BinaryData.h">
      <Filter>Juce Library Code</Filter>
    </ClInclude>
  </ItemGroup>
</Project>
